
Microsoft Visual Studio Solution File, Format Version 12.00
# Visual Studio 15
VisualStudioVersion = 15.0.27703.2026
MinimumVisualStudioVersion = 10.0.40219.1
Project("{FAE04EC0-301F-11D3-BF4B-00C04F79EFBC}") = "GetOrganized", "GetOrganized\GetOrganized.csproj", "{2AF8059A-0E1B-4797-B06F-8546A6FD289E}"
EndProject
Project("{FAE04EC0-301F-11D3-BF4B-00C04F79EFBC}") = "GetOrganizedTest", "GetOrganizedTest\GetOrganizedTest.csproj", "{2DE3D576-0C1D-46E2-AFE3-31071EDD772C}"
EndProject
Global
	GlobalSection(SolutionConfigurationPlatforms) = preSolution
		Debug|Any CPU = Debug|Any CPU
		Release|Any CPU = Release|Any CPU
	EndGlobalSection
	GlobalSection(ProjectConfigurationPlatforms) = postSolution
		{2AF8059A-0E1B-4797-B06F-8546A6FD289E}.Debug|Any CPU.ActiveCfg = Debug|Any CPU
		{2AF8059A-0E1B-4797-B06F-8546A6FD289E}.Debug|Any CPU.Build.0 = Debug|Any CPU
		{2AF8059A-0E1B-4797-B06F-8546A6FD289E}.Release|Any CPU.ActiveCfg = Release|Any CPU
		{2AF8059A-0E1B-4797-B06F-8546A6FD289E}.Release|Any CPU.Build.0 = Release|Any CPU
		{2DE3D576-0C1D-46E2-AFE3-31071EDD772C}.Debug|Any CPU.ActiveCfg = Debug|Any CPU
		{2DE3D576-0C1D-46E2-AFE3-31071EDD772C}.Debug|Any CPU.Build.0 = Debug|Any CPU
		{2DE3D576-0C1D-46E2-AFE3-31071EDD772C}.Release|Any CPU.ActiveCfg = Release|Any CPU
		{2DE3D576-0C1D-46E2-AFE3-31071EDD772C}.Release|Any CPU.Build.0 = Release|Any CPU
	EndGlobalSection
	GlobalSection(SolutionProperties) = preSolution
		HideSolutionNode = FALSE
	EndGlobalSection
	GlobalSection(ExtensibilityGlobals) = postSolution
		SolutionGuid = {05E25E68-8AD4-464B-8606-E4E7C8F70FD0}
	EndGlobalSection
EndGlobal
